
Microsoft Visual Studio Solution File, Format Version 12.00
# Visual Studio Version 17
VisualStudioVersion = 17.7.34202.233
MinimumVisualStudioVersion = 10.0.40219.1
Project("{FAE04EC0-301F-11D3-BF4B-00C04F79EFBC}") = "desktopowa", "desktopowa\desktopowa.csproj", "{8CB07E8F-AC19-4A56-A1C6-C584590FA8EF}"
EndProject
Global
	GlobalSection(SolutionConfigurationPlatforms) = preSolution
		Debug|Any CPU = Debug|Any CPU
		Release|Any CPU = Release|Any CPU
	EndGlobalSection
	GlobalSection(ProjectConfigurationPlatforms) = postSolution
		{8CB07E8F-AC19-4A56-A1C6-C584590FA8EF}.Debug|Any CPU.ActiveCfg = Debug|Any CPU
		{8CB07E8F-AC19-4A56-A1C6-C584590FA8EF}.Debug|Any CPU.Build.0 = Debug|Any CPU
		{8CB07E8F-AC19-4A56-A1C6-C584590FA8EF}.Release|Any CPU.ActiveCfg = Release|Any CPU
		{8CB07E8F-AC19-4A56-A1C6-C584590FA8EF}.Release|Any CPU.Build.0 = Release|Any CPU
	EndGlobalSection
	GlobalSection(SolutionProperties) = preSolution
		HideSolutionNode = FALSE
	EndGlobalSection
	GlobalSection(ExtensibilityGlobals) = postSolution
		SolutionGuid = {3D7D4339-7BFA-4979-8935-157BABFD7D1C}
	EndGlobalSection
EndGlobal
